// !$*UTF8*$!
{
	archiveVersion = 1;
	classes = {
	};
	objectVersion = 50;
	objects = {

/* Begin PBXBuildFile section */
		5B2A15A622E6BAED004A93AD /* AppDelegate.swift in Sources */ = {isa = PBXBuildFile; fileRef = 5B2A15A522E6BAED004A93AD /* AppDelegate.swift */; };
		5B2A15A822E6BAED004A93AD /* ViewController.swift in Sources */ = {isa = PBXBuildFile; fileRef = 5B2A15A722E6BAED004A93AD /* ViewController.swift */; };
		5B2A15AB22E6BAED004A93AD /* Main.storyboard in Resources */ = {isa = PBXBuildFile; fileRef = 5B2A15A922E6BAED004A93AD /* Main.storyboard */; };
		5B2A15AD22E6BAEF004A93AD /* Assets.xcassets in Resources */ = {isa = PBXBuildFile; fileRef = 5B2A15AC22E6BAEF004A93AD /* Assets.xcassets */; };
		5B2A15B022E6BAEF004A93AD /* LaunchScreen.storyboard in Resources */ = {isa = PBXBuildFile; fileRef = 5B2A15AE22E6BAEF004A93AD /* LaunchScreen.storyboard */; };
		5B2A15BB22E6BAF0004A93AD /* NewsAppTests.swift in Sources */ = {isa = PBXBuildFile; fileRef = 5B2A15BA22E6BAF0004A93AD /* NewsAppTests.swift */; };
		5B2A15C622E6BAF0004A93AD /* NewsAppUITests.swift in Sources */ = {isa = PBXBuildFile; fileRef = 5B2A15C522E6BAF0004A93AD /* NewsAppUITests.swift */; };
/* End PBXBuildFile section */

/* Begin PBXContainerItemProxy section */
		5B2A15B722E6BAF0004A93AD /* PBXContainerItemProxy */ = {
			isa = PBXContainerItemProxy;
			containerPortal = 5B2A159A22E6BAED004A93AD /* Project object */;
			proxyType = 1;
			remoteGlobalIDString = 5B2A15A122E6BAED004A93AD;
			remoteInfo = NewsApp;
		};
		5B2A15C222E6BAF0004A93AD /* PBXContainerItemProxy */ = {
			isa = PBXContainerItemProxy;
			containerPortal = 5B2A159A22E6BAED004A93AD /* Project object */;
			proxyType = 1;
			remoteGlobalIDString = 5B2A15A122E6BAED004A93AD;
			remoteInfo = NewsApp;
		};
/* End PBXContainerItemProxy section */

/* Begin PBXFileReference section */
		5B2A15A222E6BAED004A93AD /* NewsApp.app */ = {isa = PBXFileReference; explicitFileType = wrapper.application; includeInIndex = 0; path = NewsApp.app; sourceTree = BUILT_PRODUCTS_DIR; };
		5B2A15A522E6BAED004A93AD /* AppDelegate.swift */ = {isa = PBXFileReference; lastKnownFileType = sourcecode.swift; path = AppDelegate.swift; sourceTree = "<group>"; };
		5B2A15A722E6BAED004A93AD /* ViewController.swift */ = {isa = PBXFileReference; lastKnownFileType = sourcecode.swift; path = ViewController.swift; sourceTree = "<group>"; };
		5B2A15AA22E6BAED004A93AD /* Base */ = {isa = PBXFileReference; lastKnownFileType = file.storyboard; name = Base; path = Base.lproj/Main.storyboard; sourceTree = "<group>"; };
		5B2A15AC22E6BAEF004A93AD /* Assets.xcassets */ = {isa = PBXFileReference; lastKnownFileType = folder.assetcatalog; path = Assets.xcassets; sourceTree = "<group>"; };
		5B2A15AF22E6BAEF004A93AD /* Base */ = {isa = PBXFileReference; lastKnownFileType = file.storyboard; name = Base; path = Base.lproj/LaunchScreen.storyboard; sourceTree = "<group>"; };
		5B2A15B122E6BAEF004A93AD /* Info.plist */ = {isa = PBXFileReference; lastKnownFileType = text.plist.xml; path = Info.plist; sourceTree = "<group>"; };
		5B2A15B622E6BAF0004A93AD /* NewsAppTests.xctest */ = {isa = PBXFileReference; explicitFileType = wrapper.cfbundle; includeInIndex = 0; path = NewsAppTests.xctest; sourceTree = BUILT_PRODUCTS_DIR; };
		5B2A15BA22E6BAF0004A93AD /* NewsAppTests.swift */ = {isa = PBXFileReference; lastKnownFileType = sourcecode.swift; path = NewsAppTests.swift; sourceTree = "<group>"; };
		5B2A15BC22E6BAF0004A93AD /* Info.plist */ = {isa = PBXFileReference; lastKnownFileType = text.plist.xml; path = Info.plist; sourceTree = "<group>"; };
		5B2A15C122E6BAF0004A93AD /* NewsAppUITests.xctest */ = {isa = PBXFileReference; explicitFileType = wrapper.cfbundle; includeInIndex = 0; path = NewsAppUITests.xctest; sourceTree = BUILT_PRODUCTS_DIR; };
		5B2A15C522E6BAF0004A93AD /* NewsAppUITests.swift */ = {isa = PBXFileReference; lastKnownFileType = sourcecode.swift; path = NewsAppUITests.swift; sourceTree = "<group>"; };
		5B2A15C722E6BAF0004A93AD /* Info.plist */ = {isa = PBXFileReference; lastKnownFileType = text.plist.xml; path = Info.plist; sourceTree = "<group>"; };
/* End PBXFileReference section */

/* Begin PBXFrameworksBuildPhase section */
		5B2A159F22E6BAED004A93AD /* Frameworks */ = {
			isa = PBXFrameworksBuildPhase;
			buildActionMask = 2147483647;
			files = (
			);
			runOnlyForDeploymentPostprocessing = 0;
		};
		5B2A15B322E6BAF0004A93AD /* Frameworks */ = {
			isa = PBXFrameworksBuildPhase;
			buildActionMask = 2147483647;
			files = (
			);
			runOnlyForDeploymentPostprocessing = 0;
		};
		5B2A15BE22E6BAF0004A93AD /* Frameworks */ = {
			isa = PBXFrameworksBuildPhase;
			buildActionMask = 2147483647;
			files = (
			);
			runOnlyForDeploymentPostprocessing = 0;
		};
/* End PBXFrameworksBuildPhase section */

/* Begin PBXGroup section */
		5B2A159922E6BAED004A93AD = {
			isa = PBXGroup;
			children = (
				5B2A15A422E6BAED004A93AD /* NewsApp */,
				5B2A15B922E6BAF0004A93AD /* NewsAppTests */,
				5B2A15C422E6BAF0004A93AD /* NewsAppUITests */,
				5B2A15A322E6BAED004A93AD /* Products */,
			);
			sourceTree = "<group>";
		};
		5B2A15A322E6BAED004A93AD /* Products */ = {
			isa = PBXGroup;
			children = (
				5B2A15A222E6BAED004A93AD /* NewsApp.app */,
				5B2A15B622E6BAF0004A93AD /* NewsAppTests.xctest */,
				5B2A15C122E6BAF0004A93AD /* NewsAppUITests.xctest */,
			);
			name = Products;
			sourceTree = "<group>";
		};
		5B2A15A422E6BAED004A93AD /* NewsApp */ = {
			isa = PBXGroup;
			children = (
				5B2A15A522E6BAED004A93AD /* AppDelegate.swift */,
				5B2A15A722E6BAED004A93AD /* ViewController.swift */,
				5B2A15A922E6BAED004A93AD /* Main.storyboard */,
				5B2A15AC22E6BAEF004A93AD /* Assets.xcassets */,
				5B2A15AE22E6BAEF004A93AD /* LaunchScreen.storyboard */,
				5B2A15B122E6BAEF004A93AD /* Info.plist */,
			);
			path = NewsApp;
			sourceTree = "<group>";
		};
		5B2A15B922E6BAF0004A93AD /* NewsAppTests */ = {
			isa = PBXGroup;
			children = (
				5B2A15BA22E6BAF0004A93AD /* NewsAppTests.swift */,
				5B2A15BC22E6BAF0004A93AD /* Info.plist */,
			);
			path = NewsAppTests;
			sourceTree = "<group>";
		};
		5B2A15C422E6BAF0004A93AD /* NewsAppUITests */ = {
			isa = PBXGroup;
			children = (
				5B2A15C522E6BAF0004A93AD /* NewsAppUITests.swift */,
				5B2A15C722E6BAF0004A93AD /* Info.plist */,
			);
			path = NewsAppUITests;
			sourceTree = "<group>";
		};
/* End PBXGroup section */

/* Begin PBXNativeTarget section */
		5B2A15A122E6BAED004A93AD /* NewsApp */ = {
			isa = PBXNativeTarget;
			buildConfigurationList = 5B2A15CA22E6BAF0004A93AD /* Build configuration list for PBXNativeTarget "NewsApp" */;
			buildPhases = (
				5B2A159E22E6BAED004A93AD /* Sources */,
				5B2A159F22E6BAED004A93AD /* Frameworks */,
				5B2A15A022E6BAED004A93AD /* Resources */,
			);
			buildRules = (
			);
			dependencies = (
			);
			name = NewsApp;
			productName = NewsApp;
			productReference = 5B2A15A222E6BAED004A93AD /* NewsApp.app */;
			productType = "com.apple.product-type.application";
		};
		5B2A15B522E6BAF0004A93AD /* NewsAppTests */ = {
			isa = PBXNativeTarget;
			buildConfigurationList = 5B2A15CD22E6BAF0004A93AD /* Build configuration list for PBXNativeTarget "NewsAppTests" */;
			buildPhases = (
				5B2A15B222E6BAF0004A93AD /* Sources */,
				5B2A15B322E6BAF0004A93AD /* Frameworks */,
				5B2A15B422E6BAF0004A93AD /* Resources */,
			);
			buildRules = (
			);
			dependencies = (
				5B2A15B822E6BAF0004A93AD /* PBXTargetDependency */,
			);
			name = NewsAppTests;
			productName = NewsAppTests;
			productReference = 5B2A15B622E6BAF0004A93AD /* NewsAppTests.xctest */;
			productType = "com.apple.product-type.bundle.unit-test";
		};
		5B2A15C022E6BAF0004A93AD /* NewsAppUITests */ = {
			isa = PBXNativeTarget;
			buildConfigurationList = 5B2A15D022E6BAF0004A93AD /* Build configuration list for PBXNativeTarget "NewsAppUITests" */;
			buildPhases = (
				5B2A15BD22E6BAF0004A93AD /* Sources */,
				5B2A15BE22E6BAF0004A93AD /* Frameworks */,
				5B2A15BF22E6BAF0004A93AD /* Resources */,
			);
			buildRules = (
			);
			dependencies = (
				5B2A15C322E6BAF0004A93AD /* PBXTargetDependency */,
			);
			name = NewsAppUITests;
			productName = NewsAppUITests;
			productReference = 5B2A15C122E6BAF0004A93AD /* NewsAppUITests.xctest */;
			productType = "com.apple.product-type.bundle.ui-testing";
		};
/* End PBXNativeTarget section */

/* Begin PBXProject section */
		5B2A159A22E6BAED004A93AD /* Project object */ = {
			isa = PBXProject;
			attributes = {
				LastSwiftUpdateCheck = 1020;
				LastUpgradeCheck = 1020;
				ORGANIZATIONNAME = "Ashiq Sulaiman";
				TargetAttributes = {
					5B2A15A122E6BAED004A93AD = {
						CreatedOnToolsVersion = 10.2.1;
					};
					5B2A15B522E6BAF0004A93AD = {
						CreatedOnToolsVersion = 10.2.1;
						TestTargetID = 5B2A15A122E6BAED004A93AD;
					};
					5B2A15C022E6BAF0004A93AD = {
						CreatedOnToolsVersion = 10.2.1;
						TestTargetID = 5B2A15A122E6BAED004A93AD;
					};
				};
			};
			buildConfigurationList = 5B2A159D22E6BAED004A93AD /* Build configuration list for PBXProject "NewsApp" */;
			compatibilityVersion = "Xcode 9.3";
			developmentRegion = en;
			hasScannedForEncodings = 0;
			knownRegions = (
				en,
				Base,
			);
			mainGroup = 5B2A159922E6BAED004A93AD;
			productRefGroup = 5B2A15A322E6BAED004A93AD /* Products */;
			projectDirPath = "";
			projectRoot = "";
			targets = (
				5B2A15A122E6BAED004A93AD /* NewsApp */,
				5B2A15B522E6BAF0004A93AD /* NewsAppTests */,
				5B2A15C022E6BAF0004A93AD /* NewsAppUITests */,
			);
		};
/* End PBXProject section */

/* Begin PBXResourcesBuildPhase section */
		5B2A15A022E6BAED004A93AD /* Resources */ = {
			isa = PBXResourcesBuildPhase;
			buildActionMask = 2147483647;
			files = (
				5B2A15B022E6BAEF004A93AD /* LaunchScreen.storyboard in Resources */,
				5B2A15AD22E6BAEF004A93AD /* Assets.xcassets in Resources */,
				5B2A15AB22E6BAED004A93AD /* Main.storyboard in Resources */,
			);
			runOnlyForDeploymentPostprocessing = 0;
		};
		5B2A15B422E6BAF0004A93AD /* Resources */ = {
			isa = PBXResourcesBuildPhase;
			buildActionMask = 2147483647;
			files = (
			);
			runOnlyForDeploymentPostprocessing = 0;
		};
		5B2A15BF22E6BAF0004A93AD /* Resources */ = {
			isa = PBXResourcesBuildPhase;
			buildActionMask = 2147483647;
			files = (
			);
			runOnlyForDeploymentPostprocessing = 0;
		};
/* End PBXResourcesBuildPhase section */

/* Begin PBXSourcesBuildPhase section */
		5B2A159E22E6BAED004A93AD /* Sources */ = {
			isa = PBXSourcesBuildPhase;
			buildActionMask = 2147483647;
			files = (
				5B2A15A822E6BAED004A93AD /* ViewController.swift in Sources */,
				5B2A15A622E6BAED004A93AD /* AppDelegate.swift in Sources */,
			);
			runOnlyForDeploymentPostprocessing = 0;
		};
		5B2A15B222E6BAF0004A93AD /* Sources */ = {
			isa = PBXSourcesBuildPhase;
			buildActionMask = 2147483647;
			files = (
				5B2A15BB22E6BAF0004A93AD /* NewsAppTests.swift in Sources */,
			);
			runOnlyForDeploymentPostprocessing = 0;
		};
		5B2A15BD22E6BAF0004A93AD /* Sources */ = {
			isa = PBXSourcesBuildPhase;
			buildActionMask = 2147483647;
			files = (
				5B2A15C622E6BAF0004A93AD /* NewsAppUITests.swift in Sources */,
			);
			runOnlyForDeploymentPostprocessing = 0;
		};
/* End PBXSourcesBuildPhase section */

/* Begin PBXTargetDependency section */
		5B2A15B822E6BAF0004A93AD /* PBXTargetDependency */ = {
			isa = PBXTargetDependency;
			target = 5B2A15A122E6BAED004A93AD /* NewsApp */;
			targetProxy = 5B2A15B722E6BAF0004A93AD /* PBXContainerItemProxy */;
		};
		5B2A15C322E6BAF0004A93AD /* PBXTargetDependency */ = {
			isa = PBXTargetDependency;
			target = 5B2A15A122E6BAED004A93AD /* NewsApp */;
			targetProxy = 5B2A15C222E6BAF0004A93AD /* PBXContainerItemProxy */;
		};
/* End PBXTargetDependency section */

/* Begin PBXVariantGroup section */
		5B2A15A922E6BAED004A93AD /* Main.storyboard */ = {
			isa = PBXVariantGroup;
			children = (
				5B2A15AA22E6BAED004A93AD /* Base */,
			);
			name = Main.storyboard;
			sourceTree = "<group>";
		};
		5B2A15AE22E6BAEF004A93AD /* LaunchScreen.storyboard */ = {
			isa = PBXVariantGroup;
			children = (
				5B2A15AF22E6BAEF004A93AD /* Base */,
			);
			name = LaunchScreen.storyboard;
			sourceTree = "<group>";
		};
/* End PBXVariantGroup section */

/* Begin XCBuildConfiguration section */
		5B2A15C822E6BAF0004A93AD /* Debug */ = {
			isa = XCBuildConfiguration;
			buildSettings = {
				ALWAYS_SEARCH_USER_PATHS = NO;
				CLANG_ANALYZER_NONNULL = YES;
				CLANG_ANALYZER_NUMBER_OBJECT_CONVERSION = YES_AGGRESSIVE;
				CLANG_CXX_LANGUAGE_STANDARD = "gnu++14";
				CLANG_CXX_LIBRARY = "libc++";
				CLANG_ENABLE_MODULES = YES;
				CLANG_ENABLE_OBJC_ARC = YES;
				CLANG_ENABLE_OBJC_WEAK = YES;
				CLANG_WARN_BLOCK_CAPTURE_AUTORELEASING = YES;
				CLANG_WARN_BOOL_CONVERSION = YES;
				CLANG_WARN_COMMA = YES;
				CLANG_WARN_CONSTANT_CONVERSION = YES;
				CLANG_WARN_DEPRECATED_OBJC_IMPLEMENTATIONS = YES;
				CLANG_WARN_DIRECT_OBJC_ISA_USAGE = YES_ERROR;
				CLANG_WARN_DOCUMENTATION_COMMENTS = YES;
				CLANG_WARN_EMPTY_BODY = YES;
				CLANG_WARN_ENUM_CONVERSION = YES;
				CLANG_WARN_INFINITE_RECURSION = YES;
				CLANG_WARN_INT_CONVERSION = YES;
				CLANG_WARN_NON_LITERAL_NULL_CONVERSION = YES;
				CLANG_WARN_OBJC_IMPLICIT_RETAIN_SELF = YES;
				CLANG_WARN_OBJC_LITERAL_CONVERSION = YES;
				CLANG_WARN_OBJC_ROOT_CLASS = YES_ERROR;
				CLANG_WARN_RANGE_LOOP_ANALYSIS = YES;
				CLANG_WARN_STRICT_PROTOTYPES = YES;
				CLANG_WARN_SUSPICIOUS_MOVE = YES;
				CLANG_WARN_UNGUARDED_AVAILABILITY = YES_AGGRESSIVE;
				CLANG_WARN_UNREACHABLE_CODE = YES;
				CLANG_WARN__DUPLICATE_METHOD_MATCH = YES;
				CODE_SIGN_IDENTITY = "iPhone Developer";
				COPY_PHASE_STRIP = NO;
				DEBUG_INFORMATION_FORMAT = dwarf;
				ENABLE_STRICT_OBJC_MSGSEND = YES;
				ENABLE_TESTABILITY = YES;
				GCC_C_LANGUAGE_STANDARD = gnu11;
				GCC_DYNAMIC_NO_PIC = NO;
				GCC_NO_COMMON_BLOCKS = YES;
				GCC_OPTIMIZATION_LEVEL = 0;
				GCC_PREPROCESSOR_DEFINITIONS = (
					"DEBUG=1",
					"$(inherited)",
				);
				GCC_WARN_64_TO_32_BIT_CONVERSION = YES;
				GCC_WARN_ABOUT_RETURN_TYPE = YES_ERROR;
				GCC_WARN_UNDECLARED_SELECTOR = YES;
				GCC_WARN_UNINITIALIZED_AUTOS = YES_AGGRESSIVE;
				GCC_WARN_UNUSED_FUNCTION = YES;
				GCC_WARN_UNUSED_VARIABLE = YES;
				IPHONEOS_DEPLOYMENT_TARGET = 12.2;
				MTL_ENABLE_DEBUG_INFO = INCLUDE_SOURCE;
				MTL_FAST_MATH = YES;
				ONLY_ACTIVE_ARCH = YES;
				SDKROOT = iphoneos;
				SWIFT_ACTIVE_COMPILATION_CONDITIONS = DEBUG;
				SWIFT_OPTIMIZATION_LEVEL = "-Onone";
			};
			name = Debug;
		};
		5B2A15C922E6BAF0004A93AD /* Release */ = {
			isa = XCBuildConfiguration;
			buildSettings = {
				ALWAYS_SEARCH_USER_PATHS = NO;
				CLANG_ANALYZER_NONNULL = YES;
				CLANG_ANALYZER_NUMBER_OBJECT_CONVERSION = YES_AGGRESSIVE;
				CLANG_CXX_LANGUAGE_STANDARD = "gnu++14";
				CLANG_CXX_LIBRARY = "libc++";
				CLANG_ENABLE_MODULES = YES;
				CLANG_ENABLE_OBJC_ARC = YES;
				CLANG_ENABLE_OBJC_WEAK = YES;
				CLANG_WARN_BLOCK_CAPTURE_AUTORELEASING = YES;
				CLANG_WARN_BOOL_CONVERSION = YES;
				CLANG_WARN_COMMA = YES;
				CLANG_WARN_CONSTANT_CONVERSION = YES;
				CLANG_WARN_DEPRECATED_OBJC_IMPLEMENTATIONS = YES;
				CLANG_WARN_DIRECT_OBJC_ISA_USAGE = YES_ERROR;
				CLANG_WARN_DOCUMENTATION_COMMENTS = YES;
				CLANG_WARN_EMPTY_BODY = YES;
				CLANG_WARN_ENUM_CONVERSION = YES;
				CLANG_WARN_INFINITE_RECURSION = YES;
				CLANG_WARN_INT_CONVERSION = YES;
				CLANG_WARN_NON_LITERAL_NULL_CONVERSION = YES;
				CLANG_WARN_OBJC_IMPLICIT_RETAIN_SELF = YES;
				CLANG_WARN_OBJC_LITERAL_CONVERSION = YES;
				CLANG_WARN_OBJC_ROOT_CLASS = YES_ERROR;
				CLANG_WARN_RANGE_LOOP_ANALYSIS = YES;
				CLANG_WARN_STRICT_PROTOTYPES = YES;
				CLANG_WARN_SUSPICIOUS_MOVE = YES;
				CLANG_WARN_UNGUARDED_AVAILABILITY = YES_AGGRESSIVE;
				CLANG_WARN_UNREACHABLE_CODE = YES;
				CLANG_WARN__DUPLICATE_METHOD_MATCH = YES;
				CODE_SIGN_IDENTITY = "iPhone Developer";
				COPY_PHASE_STRIP = NO;
				DEBUG_INFORMATION_FORMAT = "dwarf-with-dsym";
				ENABLE_NS_ASSERTIONS = NO;
				ENABLE_STRICT_OBJC_MSGSEND = YES;
				GCC_C_LANGUAGE_STANDARD = gnu11;
				GCC_NO_COMMON_BLOCKS = YES;
				GCC_WARN_64_TO_32_BIT_CONVERSION = YES;
				GCC_WARN_ABOUT_RETURN_TYPE = YES_ERROR;
				GCC_WARN_UNDECLARED_SELECTOR = YES;
				GCC_WARN_UNINITIALIZED_AUTOS = YES_AGGRESSIVE;
				GCC_WARN_UNUSED_FUNCTION = YES;
				GCC_WARN_UNUSED_VARIABLE = YES;
				IPHONEOS_DEPLOYMENT_TARGET = 12.2;
				MTL_ENABLE_DEBUG_INFO = NO;
				MTL_FAST_MATH = YES;
				SDKROOT = iphoneos;
				SWIFT_COMPILATION_MODE = wholemodule;
				SWIFT_OPTIMIZATION_LEVEL = "-O";
				VALIDATE_PRODUCT = YES;
			};
			name = Release;
		};
		5B2A15CB22E6BAF0004A93AD /* Debug */ = {
			isa = XCBuildConfiguration;
			buildSettings = {
				ASSETCATALOG_COMPILER_APPICON_NAME = AppIcon;
				CODE_SIGN_STYLE = Automatic;
				DEVELOPMENT_TEAM = E3JNAB32PR;
				INFOPLIST_FILE = NewsApp/Info.plist;
				LD_RUNPATH_SEARCH_PATHS = (
					"$(inherited)",
					"@executable_path/Frameworks",
				);
				PRODUCT_BUNDLE_IDENTIFIER = ashiq.NewsApp;
				PRODUCT_NAME = "$(TARGET_NAME)";
				SWIFT_VERSION = 5.0;
				TARGETED_DEVICE_FAMILY = "1,2";
			};
			name = Debug;
		};
		5B2A15CC22E6BAF0004A93AD /* Release */ = {
			isa = XCBuildConfiguration;
			buildSettings = {
				ASSETCATALOG_COMPILER_APPICON_NAME = AppIcon;
				CODE_SIGN_STYLE = Automatic;
				DEVELOPMENT_TEAM = E3JNAB32PR;
				INFOPLIST_FILE = NewsApp/Info.plist;
				LD_RUNPATH_SEARCH_PATHS = (
					"$(inherited)",
					"@executable_path/Frameworks",
				);
				PRODUCT_BUNDLE_IDENTIFIER = ashiq.NewsApp;
				PRODUCT_NAME = "$(TARGET_NAME)";
				SWIFT_VERSION = 5.0;
				TARGETED_DEVICE_FAMILY = "1,2";
			};
			name = Release;
		};
		5B2A15CE22E6BAF0004A93AD /* Debug */ = {
			isa = XCBuildConfiguration;
			buildSettings = {
				ALWAYS_EMBED_SWIFT_STANDARD_LIBRARIES = YES;
				BUNDLE_LOADER = "$(TEST_HOST)";
				CODE_SIGN_STYLE = Automatic;
				DEVELOPMENT_TEAM = E3JNAB32PR;
				INFOPLIST_FILE = NewsAppTests/Info.plist;
				LD_RUNPATH_SEARCH_PATHS = (
					"$(inherited)",
					"@executable_path/Frameworks",
					"@loader_path/Frameworks",
				);
				PRODUCT_BUNDLE_IDENTIFIER = ashiq.NewsAppTests;
				PRODUCT_NAME = "$(TARGET_NAME)";
				SWIFT_VERSION = 5.0;
				TARGETED_DEVICE_FAMILY = "1,2";
				TEST_HOST = "$(BUILT_PRODUCTS_DIR)/NewsApp.app/NewsApp";
			};
			name = Debug;
		};
		5B2A15CF22E6BAF0004A93AD /* Release */ = {
			isa = XCBuildConfiguration;
			buildSettings = {
				ALWAYS_EMBED_SWIFT_STANDARD_LIBRARIES = YES;
				BUNDLE_LOADER = "$(TEST_HOST)";
				CODE_SIGN_STYLE = Automatic;
				DEVELOPMENT_TEAM = E3JNAB32PR;
				INFOPLIST_FILE = NewsAppTests/Info.plist;
				LD_RUNPATH_SEARCH_PATHS = (
					"$(inherited)",
					"@executable_path/Frameworks",
					"@loader_path/Frameworks",
				);
				PRODUCT_BUNDLE_IDENTIFIER = ashiq.NewsAppTests;
				PRODUCT_NAME = "$(TARGET_NAME)";
				SWIFT_VERSION = 5.0;
				TARGETED_DEVICE_FAMILY = "1,2";
				TEST_HOST = "$(BUILT_PRODUCTS_DIR)/NewsApp.app/NewsApp";
			};
			name = Release;
		};
		5B2A15D122E6BAF0004A93AD /* Debug */ = {
			isa = XCBuildConfiguration;
			buildSettings = {
				ALWAYS_EMBED_SWIFT_STANDARD_LIBRARIES = YES;
				CODE_SIGN_STYLE = Automatic;
				DEVELOPMENT_TEAM = E3JNAB32PR;
				INFOPLIST_FILE = NewsAppUITests/Info.plist;
				LD_RUNPATH_SEARCH_PATHS = (
					"$(inherited)",
					"@executable_path/Frameworks",
					"@loader_path/Frameworks",
				);
				PRODUCT_BUNDLE_IDENTIFIER = ashiq.NewsAppUITests;
				PRODUCT_NAME = "$(TARGET_NAME)";
				SWIFT_VERSION = 5.0;
				TARGETED_DEVICE_FAMILY = "1,2";
				TEST_TARGET_NAME = NewsApp;
			};
			name = Debug;
		};
		5B2A15D222E6BAF0004A93AD /* Release */ = {
			isa = XCBuildConfiguration;
			buildSettings = {
				ALWAYS_EMBED_SWIFT_STANDARD_LIBRARIES = YES;
				CODE_SIGN_STYLE = Automatic;
				DEVELOPMENT_TEAM = E3JNAB32PR;
				INFOPLIST_FILE = NewsAppUITests/Info.plist;
				LD_RUNPATH_SEARCH_PATHS = (
					"$(inherited)",
					"@executable_path/Frameworks",
					"@loader_path/Frameworks",
				);
				PRODUCT_BUNDLE_IDENTIFIER = ashiq.NewsAppUITests;
				PRODUCT_NAME = "$(TARGET_NAME)";
				SWIFT_VERSION = 5.0;
				TARGETED_DEVICE_FAMILY = "1,2";
				TEST_TARGET_NAME = NewsApp;
			};
			name = Release;
		};
/* End XCBuildConfiguration section */

/* Begin XCConfigurationList section */
		5B2A159D22E6BAED004A93AD /* Build configuration list for PBXProject "NewsApp" */ = {
			isa = XCConfigurationList;
			buildConfigurations = (
				5B2A15C822E6BAF0004A93AD /* Debug */,
				5B2A15C922E6BAF0004A93AD /* Release */,
			);
			defaultConfigurationIsVisible = 0;
			defaultConfigurationName = Release;
		};
		5B2A15CA22E6BAF0004A93AD /* Build configuration list for PBXNativeTarget "NewsApp" */ = {
			isa = XCConfigurationList;
			buildConfigurations = (
				5B2A15CB22E6BAF0004A93AD /* Debug */,
				5B2A15CC22E6BAF0004A93AD /* Release */,
			);
			defaultConfigurationIsVisible = 0;
			defaultConfigurationName = Release;
		};
		5B2A15CD22E6BAF0004A93AD /* Build configuration list for PBXNativeTarget "NewsAppTests" */ = {
			isa = XCConfigurationList;
			buildConfigurations = (
				5B2A15CE22E6BAF0004A93AD /* Debug */,
				5B2A15CF22E6BAF0004A93AD /* Release */,
			);
			defaultConfigurationIsVisible = 0;
			defaultConfigurationName = Release;
		};
		5B2A15D022E6BAF0004A93AD /* Build configuration list for PBXNativeTarget "NewsAppUITests" */ = {
			isa = XCConfigurationList;
			buildConfigurations = (
				5B2A15D122E6BAF0004A93AD /* Debug */,
				5B2A15D222E6BAF0004A93AD /* Release */,
			);
			defaultConfigurationIsVisible = 0;
			defaultConfigurationName = Release;
		};
/* End XCConfigurationList section */
	};
	rootObject = 5B2A159A22E6BAED004A93AD /* Project object */;
}
